<?xml version="1.0" encoding="utf-8"?>
<Project ToolsVersion="4.0" xmlns="http://schemas.microsoft.com/developer/msbuild/2003">
  <ItemGroup>
    <Filter Include="Source Files">
      <UniqueIdentifier>{4FC737F1-C7A5-4376-A066-2A32D752A2FF}</UniqueIdentifier>
      <Extensions>cpp;c;cc;cxx;def;odl;idl;hpj;bat;asm;asmx</Extensions>
    </Filter>
    <Filter Include="Header Files">
      <UniqueIdentifier>{93995380-89BD-4b04-88EB-625FBE52EBFB}</UniqueIdentifier>
      <Extensions>h;hh;hpp;hxx;hm;inl;inc;xsd</Extensions>
    </Filter>
    <Filter Include="Resource Files">
      <UniqueIdentifier>{67DA6AB6-F800-4c08-8B7A-83BB121AAD01}</UniqueIdentifier>
      <Extensions>rc;ico;cur;bmp;dlg;rc2;rct;bin;rgs;gif;jpg;jpeg;jpe;resx;tiff;tif;png;wav;mfcribbon-ms</Extensions>
    </Filter>
  </ItemGroup>
  <ItemGroup>
    <ClInclude Include="h-files\naschmodell.h">
      <Filter>Header Files</Filter>
    </ClInclude>
    <ClInclude Include="h-files\Utilities.h">
      <Filter>Header Files</Filter>
    </ClInclude>
  </ItemGroup>
  <ItemGroup>
    <Library Include="lib-files\Utilities.lib">
      <Filter>Resource Files</Filter>
    </Library>
  </ItemGroup>
  <ItemGroup>
    <ClCompile Include="c-files\deleteArea.c">
      <Filter>Source Files</Filter>
    </ClCompile>
    <ClCompile Include="c-files\main.c">
      <Filter>Source Files</Filter>
    </ClCompile>
    <ClCompile Include="c-files\printBoard.c">
      <Filter>Source Files</Filter>
    </ClCompile>
    <ClCompile Include="c-files\printFrame.c">
      <Filter>Source Files</Filter>
    </ClCompile>
    <ClCompile Include="c-files\printStatusSettings.c">
      <Filter>Source Files</Filter>
    </ClCompile>
    <ClCompile Include="c-files\printStatusGaugings.c">
      <Filter>Source Files</Filter>
    </ClCompile>
    <ClCompile Include="c-files\settingWindow.c">
      <Filter>Source Files</Filter>
    </ClCompile>
    <ClCompile Include="c-files\calcNaSchModell.c">
      <Filter>Source Files</Filter>
    </ClCompile>
    <ClCompile Include="c-files\printMainMenue.c">
      <Filter>Source Files</Filter>
    </ClCompile>
    <ClCompile Include="c-files\colorschemes.c">
      <Filter>Source Files</Filter>
    </ClCompile>
    <ClCompile Include="c-files\printToFile.c">
      <Filter>Source Files</Filter>
    </ClCompile>
    <ClCompile Include="c-files\printWindow.c">
      <Filter>Source Files</Filter>
    </ClCompile>
    <ClCompile Include="c-files\mySysFunctions.c">
      <Filter>Source Files</Filter>
    </ClCompile>
    <ClCompile Include="c-files\initModell.c">
      <Filter>Source Files</Filter>
    </ClCompile>
    <ClCompile Include="c-files\printCalculationMenue.c">
      <Filter>Source Files</Filter>
    </ClCompile>
  </ItemGroup>
</Project>